github.com/containerd/btrfs/v2 v2.0.0 h1:FN4wsx7KQrYoLXN7uLP0vBV4oVWHOIKDRQ1G2Z0oL5M=
github.com/containerd/btrfs/v2 v2.0.0/go.mod h1:swkD/7j9HApWpzl8OHfrHNxppPd9l44DFZdF94BUj9k=
github.com/labstack/echo/v5 v5.0.3 h1:Jql8sDtCYXrhh2Mbs6jKwjR6r7X8FSQQmch+w6QS7kc=
github.com/labstack/echo/v5 v5.0.3/go.mod h1:SyvlSdObGjRXeQfCCXW/sybkZdOOQZBmpKF0bvALaeo=
golang.org/x/sys v0.5.0 h1:MUK/U/4lj1t1oPg0HfuXDN/Z1wv31ZJ/YcPiGccS4DU=
golang.org/x/sys v0.5.0/go.mod h1:oPkhp1MJrh7nUepCBck5+mAzfO9JrbApNNgaTdGDITg=
pault.ag/go/loopback v0.1.4 h1:Uhr0c1qFzuVWAo2RhA7GHtvPDsLbGofj7UM1ceiZcQw=
pault.ag/go/loopback v0.1.4/go.mod h1:cLas7zqQkdN+bUeFgqpoAiAqWv/NPrcW7+Xi2NtFCN8=
